
Microsoft Visual Studio Solution File, Format Version 12.00
# Visual Studio Version 17
VisualStudioVersion = 17.14.36623.8
MinimumVisualStudioVersion = 10.0.40219.1
Project("{FAE04EC0-301F-11D3-BF4B-00C04F79EFBC}") = "TrendifyV1", "TrendifyV1\TrendifyV1.csproj", "{9DED4D4F-9879-4D78-93C7-BA04B3248EC2}"
EndProject
Project("{FAE04EC0-301F-11D3-BF4B-00C04F79EFBC}") = "TrendifyV1.Data", "TrendifyV1.Data\TrendifyV1.Data.csproj", "{1A9D4D4B-7551-4168-9487-CC461EB080A4}"
EndProject
Project("{FAE04EC0-301F-11D3-BF4B-00C04F79EFBC}") = "TrendifyV1.Core", "TrendifyV1.Core\TrendifyV1.Core.csproj", "{FB9596E6-B9F2-459C-94BC-FAAFFE78F1EC}"
EndProject
Project("{FAE04EC0-301F-11D3-BF4B-00C04F79EFBC}") = "TrendifyV1.ViewModels", "TrendifyV1.ViewModels\TrendifyV1.ViewModels.csproj", "{3152E981-39E5-4BC6-92DE-63C123D8A475}"
EndProject
Project("{FAE04EC0-301F-11D3-BF4B-00C04F79EFBC}") = "TrendifyV1.Core.Tests", "TrendifyV1.Core.Tests\TrendifyV1.Core.Tests.csproj", "{EBAA16F1-0F1E-41F9-A516-D9C4B394A166}"
EndProject
Global
	GlobalSection(SolutionConfigurationPlatforms) = preSolution
		Debug|Any CPU = Debug|Any CPU
		Debug|x64 = Debug|x64
		Debug|x86 = Debug|x86
		Release|Any CPU = Release|Any CPU
		Release|x64 = Release|x64
		Release|x86 = Release|x86
	EndGlobalSection
	GlobalSection(ProjectConfigurationPlatforms) = postSolution
		{9DED4D4F-9879-4D78-93C7-BA04B3248EC2}.Debug|Any CPU.ActiveCfg = Debug|Any CPU
		{9DED4D4F-9879-4D78-93C7-BA04B3248EC2}.Debug|Any CPU.Build.0 = Debug|Any CPU
		{9DED4D4F-9879-4D78-93C7-BA04B3248EC2}.Debug|x64.ActiveCfg = Debug|Any CPU
		{9DED4D4F-9879-4D78-93C7-BA04B3248EC2}.Debug|x64.Build.0 = Debug|Any CPU
		{9DED4D4F-9879-4D78-93C7-BA04B3248EC2}.Debug|x86.ActiveCfg = Debug|Any CPU
		{9DED4D4F-9879-4D78-93C7-BA04B3248EC2}.Debug|x86.Build.0 = Debug|Any CPU
		{9DED4D4F-9879-4D78-93C7-BA04B3248EC2}.Release|Any CPU.ActiveCfg = Release|Any CPU
		{9DED4D4F-9879-4D78-93C7-BA04B3248EC2}.Release|Any CPU.Build.0 = Release|Any CPU
		{9DED4D4F-9879-4D78-93C7-BA04B3248EC2}.Release|x64.ActiveCfg = Release|Any CPU
		{9DED4D4F-9879-4D78-93C7-BA04B3248EC2}.Release|x64.Build.0 = Release|Any CPU
		{9DED4D4F-9879-4D78-93C7-BA04B3248EC2}.Release|x86.ActiveCfg = Release|Any CPU
		{9DED4D4F-9879-4D78-93C7-BA04B3248EC2}.Release|x86.Build.0 = Release|Any CPU
		{1A9D4D4B-7551-4168-9487-CC461EB080A4}.Debug|Any CPU.ActiveCfg = Debug|Any CPU
		{1A9D4D4B-7551-4168-9487-CC461EB080A4}.Debug|Any CPU.Build.0 = Debug|Any CPU
		{1A9D4D4B-7551-4168-9487-CC461EB080A4}.Debug|x64.ActiveCfg = Debug|Any CPU
		{1A9D4D4B-7551-4168-9487-CC461EB080A4}.Debug|x64.Build.0 = Debug|Any CPU
		{1A9D4D4B-7551-4168-9487-CC461EB080A4}.Debug|x86.ActiveCfg = Debug|Any CPU
		{1A9D4D4B-7551-4168-9487-CC461EB080A4}.Debug|x86.Build.0 = Debug|Any CPU
		{1A9D4D4B-7551-4168-9487-CC461EB080A4}.Release|Any CPU.ActiveCfg = Release|Any CPU
		{1A9D4D4B-7551-4168-9487-CC461EB080A4}.Release|Any CPU.Build.0 = Release|Any CPU
		{1A9D4D4B-7551-4168-9487-CC461EB080A4}.Release|x64.ActiveCfg = Release|Any CPU
		{1A9D4D4B-7551-4168-9487-CC461EB080A4}.Release|x64.Build.0 = Release|Any CPU
		{1A9D4D4B-7551-4168-9487-CC461EB080A4}.Release|x86.ActiveCfg = Release|Any CPU
		{1A9D4D4B-7551-4168-9487-CC461EB080A4}.Release|x86.Build.0 = Release|Any CPU
		{FB9596E6-B9F2-459C-94BC-FAAFFE78F1EC}.Debug|Any CPU.ActiveCfg = Debug|Any CPU
		{FB9596E6-B9F2-459C-94BC-FAAFFE78F1EC}.Debug|Any CPU.Build.0 = Debug|Any CPU
		{FB9596E6-B9F2-459C-94BC-FAAFFE78F1EC}.Debug|x64.ActiveCfg = Debug|Any CPU
		{FB9596E6-B9F2-459C-94BC-FAAFFE78F1EC}.Debug|x64.Build.0 = Debug|Any CPU
		{FB9596E6-B9F2-459C-94BC-FAAFFE78F1EC}.Debug|x86.ActiveCfg = Debug|Any CPU
		{FB9596E6-B9F2-459C-94BC-FAAFFE78F1EC}.Debug|x86.Build.0 = Debug|Any CPU
		{FB9596E6-B9F2-459C-94BC-FAAFFE78F1EC}.Release|Any CPU.ActiveCfg = Release|Any CPU
		{FB9596E6-B9F2-459C-94BC-FAAFFE78F1EC}.Release|Any CPU.Build.0 = Release|Any CPU
		{FB9596E6-B9F2-459C-94BC-FAAFFE78F1EC}.Release|x64.ActiveCfg = Release|Any CPU
		{FB9596E6-B9F2-459C-94BC-FAAFFE78F1EC}.Release|x64.Build.0 = Release|Any CPU
		{FB9596E6-B9F2-459C-94BC-FAAFFE78F1EC}.Release|x86.ActiveCfg = Release|Any CPU
		{FB9596E6-B9F2-459C-94BC-FAAFFE78F1EC}.Release|x86.Build.0 = Release|Any CPU
		{3152E981-39E5-4BC6-92DE-63C123D8A475}.Debug|Any CPU.ActiveCfg = Debug|Any CPU
		{3152E981-39E5-4BC6-92DE-63C123D8A475}.Debug|Any CPU.Build.0 = Debug|Any CPU
		{3152E981-39E5-4BC6-92DE-63C123D8A475}.Debug|x64.ActiveCfg = Debug|Any CPU
		{3152E981-39E5-4BC6-92DE-63C123D8A475}.Debug|x64.Build.0 = Debug|Any CPU
		{3152E981-39E5-4BC6-92DE-63C123D8A475}.Debug|x86.ActiveCfg = Debug|Any CPU
		{3152E981-39E5-4BC6-92DE-63C123D8A475}.Debug|x86.Build.0 = Debug|Any CPU
		{3152E981-39E5-4BC6-92DE-63C123D8A475}.Release|Any CPU.ActiveCfg = Release|Any CPU
		{3152E981-39E5-4BC6-92DE-63C123D8A475}.Release|Any CPU.Build.0 = Release|Any CPU
		{3152E981-39E5-4BC6-92DE-63C123D8A475}.Release|x64.ActiveCfg = Release|Any CPU
		{3152E981-39E5-4BC6-92DE-63C123D8A475}.Release|x64.Build.0 = Release|Any CPU
		{3152E981-39E5-4BC6-92DE-63C123D8A475}.Release|x86.ActiveCfg = Release|Any CPU
		{3152E981-39E5-4BC6-92DE-63C123D8A475}.Release|x86.Build.0 = Release|Any CPU
		{EBAA16F1-0F1E-41F9-A516-D9C4B394A166}.Debug|Any CPU.ActiveCfg = Debug|Any CPU
		{EBAA16F1-0F1E-41F9-A516-D9C4B394A166}.Debug|Any CPU.Build.0 = Debug|Any CPU
		{EBAA16F1-0F1E-41F9-A516-D9C4B394A166}.Debug|x64.ActiveCfg = Debug|Any CPU
		{EBAA16F1-0F1E-41F9-A516-D9C4B394A166}.Debug|x64.Build.0 = Debug|Any CPU
		{EBAA16F1-0F1E-41F9-A516-D9C4B394A166}.Debug|x86.ActiveCfg = Debug|Any CPU
		{EBAA16F1-0F1E-41F9-A516-D9C4B394A166}.Debug|x86.Build.0 = Debug|Any CPU
		{EBAA16F1-0F1E-41F9-A516-D9C4B394A166}.Release|Any CPU.ActiveCfg = Release|Any CPU
		{EBAA16F1-0F1E-41F9-A516-D9C4B394A166}.Release|Any CPU.Build.0 = Release|Any CPU
		{EBAA16F1-0F1E-41F9-A516-D9C4B394A166}.Release|x64.ActiveCfg = Release|Any CPU
		{EBAA16F1-0F1E-41F9-A516-D9C4B394A166}.Release|x64.Build.0 = Release|Any CPU
		{EBAA16F1-0F1E-41F9-A516-D9C4B394A166}.Release|x86.ActiveCfg = Release|Any CPU
		{EBAA16F1-0F1E-41F9-A516-D9C4B394A166}.Release|x86.Build.0 = Release|Any CPU
	EndGlobalSection
	GlobalSection(SolutionProperties) = preSolution
		HideSolutionNode = FALSE
	EndGlobalSection
	GlobalSection(ExtensibilityGlobals) = postSolution
		SolutionGuid = {BDCA220E-5D7F-47AC-BD04-2A66599BB7A4}
	EndGlobalSection
EndGlobal
